
Microsoft Visual Studio Solution File, Format Version 12.00
# Visual Studio 14
VisualStudioVersion = 14.0.25420.1
MinimumVisualStudioVersion = 10.0.40219.1
Project("{8BC9CEB8-8B4A-11D0-8D11-00A0C91BC942}") = "EffectiveCPlusPlusReading", "EffectiveCPlusPlusReading\EffectiveCPlusPlusReading.vcxproj", "{FB8C3CA4-1047-4F90-8524-BFB9CBD934CF}"
EndProject
Project("{8BC9CEB8-8B4A-11D0-8D11-00A0C91BC942}") = "Introduction", "Introduction\Introduction.vcxproj", "{1A99296C-E80D-4537-B1FF-D4016C39F172}"
EndProject
Project("{8BC9CEB8-8B4A-11D0-8D11-00A0C91BC942}") = "Item3", "Item3\Item3.vcxproj", "{2FD49CD7-8522-4265-9067-5A570B84EC84}"
EndProject
Project("{8BC9CEB8-8B4A-11D0-8D11-00A0C91BC942}") = "Item4", "Item4\Item4.vcxproj", "{B381306B-D251-42C8-BF59-A373714E7EC0}"
EndProject
Project("{8BC9CEB8-8B4A-11D0-8D11-00A0C91BC942}") = "Item6", "Item6\Item6.vcxproj", "{1366A325-5F58-4EC7-829C-E971D43655B0}"
EndProject
Project("{8BC9CEB8-8B4A-11D0-8D11-00A0C91BC942}") = "Item7", "Item7\Item7.vcxproj", "{2F8BF160-704E-4CA5-8E4B-3439E3A3A811}"
EndProject
Project("{8BC9CEB8-8B4A-11D0-8D11-00A0C91BC942}") = "Item9", "Item9\Item9.vcxproj", "{6F2B4977-4768-4433-B1BD-BB2CAE57E768}"
EndProject
Project("{8BC9CEB8-8B4A-11D0-8D11-00A0C91BC942}") = "Item10", "Item10\Item10.vcxproj", "{6698D07E-9CD2-48EC-B88A-A46720AD620B}"
EndProject
Project("{8BC9CEB8-8B4A-11D0-8D11-00A0C91BC942}") = "Item11", "Item11\Item11.vcxproj", "{F569E5D9-EC03-4CFD-ABBE-B87D0B092397}"
EndProject
Project("{8BC9CEB8-8B4A-11D0-8D11-00A0C91BC942}") = "Item13", "Item13\Item13.vcxproj", "{36518670-896B-4766-A82B-13684AA70958}"
EndProject
Project("{8BC9CEB8-8B4A-11D0-8D11-00A0C91BC942}") = "Item18", "Item18\Item18.vcxproj", "{6430B6CA-65AD-425A-B07F-5F37422AAC6A}"
EndProject
Project("{8BC9CEB8-8B4A-11D0-8D11-00A0C91BC942}") = "Item20", "Item20\Item20.vcxproj", "{0DBCD36B-C459-4468-882D-BB79F0562747}"
EndProject
Project("{8BC9CEB8-8B4A-11D0-8D11-00A0C91BC942}") = "Item21", "Item21\Item21.vcxproj", "{FD8814B8-61AD-4DFA-94C4-1BD4E0F8E1AE}"
EndProject
Project("{8BC9CEB8-8B4A-11D0-8D11-00A0C91BC942}") = "Item23", "Item23\Item23.vcxproj", "{CF0E93F9-EE31-42E6-B8CF-692D56C728B8}"
EndProject
Project("{8BC9CEB8-8B4A-11D0-8D11-00A0C91BC942}") = "Item25", "Item25\Item25.vcxproj", "{82D5CF8F-0AEE-45FC-936D-F3DE212500A4}"
EndProject
Global
	GlobalSection(SolutionConfigurationPlatforms) = preSolution
		Debug|x64 = Debug|x64
		Debug|x86 = Debug|x86
		Release|x64 = Release|x64
		Release|x86 = Release|x86
	EndGlobalSection
	GlobalSection(ProjectConfigurationPlatforms) = postSolution
		{FB8C3CA4-1047-4F90-8524-BFB9CBD934CF}.Debug|x64.ActiveCfg = Debug|x64
		{FB8C3CA4-1047-4F90-8524-BFB9CBD934CF}.Debug|x64.Build.0 = Debug|x64
		{FB8C3CA4-1047-4F90-8524-BFB9CBD934CF}.Debug|x86.ActiveCfg = Debug|Win32
		{FB8C3CA4-1047-4F90-8524-BFB9CBD934CF}.Debug|x86.Build.0 = Debug|Win32
		{FB8C3CA4-1047-4F90-8524-BFB9CBD934CF}.Release|x64.ActiveCfg = Release|x64
		{FB8C3CA4-1047-4F90-8524-BFB9CBD934CF}.Release|x64.Build.0 = Release|x64
		{FB8C3CA4-1047-4F90-8524-BFB9CBD934CF}.Release|x86.ActiveCfg = Release|Win32
		{FB8C3CA4-1047-4F90-8524-BFB9CBD934CF}.Release|x86.Build.0 = Release|Win32
		{1A99296C-E80D-4537-B1FF-D4016C39F172}.Debug|x64.ActiveCfg = Debug|x64
		{1A99296C-E80D-4537-B1FF-D4016C39F172}.Debug|x64.Build.0 = Debug|x64
		{1A99296C-E80D-4537-B1FF-D4016C39F172}.Debug|x86.ActiveCfg = Debug|Win32
		{1A99296C-E80D-4537-B1FF-D4016C39F172}.Debug|x86.Build.0 = Debug|Win32
		{1A99296C-E80D-4537-B1FF-D4016C39F172}.Release|x64.ActiveCfg = Release|x64
		{1A99296C-E80D-4537-B1FF-D4016C39F172}.Release|x64.Build.0 = Release|x64
		{1A99296C-E80D-4537-B1FF-D4016C39F172}.Release|x86.ActiveCfg = Release|Win32
		{1A99296C-E80D-4537-B1FF-D4016C39F172}.Release|x86.Build.0 = Release|Win32
		{2FD49CD7-8522-4265-9067-5A570B84EC84}.Debug|x64.ActiveCfg = Debug|x64
		{2FD49CD7-8522-4265-9067-5A570B84EC84}.Debug|x64.Build.0 = Debug|x64
		{2FD49CD7-8522-4265-9067-5A570B84EC84}.Debug|x86.ActiveCfg = Debug|Win32
		{2FD49CD7-8522-4265-9067-5A570B84EC84}.Debug|x86.Build.0 = Debug|Win32
		{2FD49CD7-8522-4265-9067-5A570B84EC84}.Release|x64.ActiveCfg = Release|x64
		{2FD49CD7-8522-4265-9067-5A570B84EC84}.Release|x64.Build.0 = Release|x64
		{2FD49CD7-8522-4265-9067-5A570B84EC84}.Release|x86.ActiveCfg = Release|Win32
		{2FD49CD7-8522-4265-9067-5A570B84EC84}.Release|x86.Build.0 = Release|Win32
		{B381306B-D251-42C8-BF59-A373714E7EC0}.Debug|x64.ActiveCfg = Debug|x64
		{B381306B-D251-42C8-BF59-A373714E7EC0}.Debug|x64.Build.0 = Debug|x64
		{B381306B-D251-42C8-BF59-A373714E7EC0}.Debug|x86.ActiveCfg = Debug|Win32
		{B381306B-D251-42C8-BF59-A373714E7EC0}.Debug|x86.Build.0 = Debug|Win32
		{B381306B-D251-42C8-BF59-A373714E7EC0}.Release|x64.ActiveCfg = Release|x64
		{B381306B-D251-42C8-BF59-A373714E7EC0}.Release|x64.Build.0 = Release|x64
		{B381306B-D251-42C8-BF59-A373714E7EC0}.Release|x86.ActiveCfg = Release|Win32
		{B381306B-D251-42C8-BF59-A373714E7EC0}.Release|x86.Build.0 = Release|Win32
		{1366A325-5F58-4EC7-829C-E971D43655B0}.Debug|x64.ActiveCfg = Debug|x64
		{1366A325-5F58-4EC7-829C-E971D43655B0}.Debug|x64.Build.0 = Debug|x64
		{1366A325-5F58-4EC7-829C-E971D43655B0}.Debug|x86.ActiveCfg = Debug|Win32
		{1366A325-5F58-4EC7-829C-E971D43655B0}.Debug|x86.Build.0 = Debug|Win32
		{1366A325-5F58-4EC7-829C-E971D43655B0}.Release|x64.ActiveCfg = Release|x64
		{1366A325-5F58-4EC7-829C-E971D43655B0}.Release|x64.Build.0 = Release|x64
		{1366A325-5F58-4EC7-829C-E971D43655B0}.Release|x86.ActiveCfg = Release|Win32
		{1366A325-5F58-4EC7-829C-E971D43655B0}.Release|x86.Build.0 = Release|Win32
		{2F8BF160-704E-4CA5-8E4B-3439E3A3A811}.Debug|x64.ActiveCfg = Debug|x64
		{2F8BF160-704E-4CA5-8E4B-3439E3A3A811}.Debug|x64.Build.0 = Debug|x64
		{2F8BF160-704E-4CA5-8E4B-3439E3A3A811}.Debug|x86.ActiveCfg = Debug|Win32
		{2F8BF160-704E-4CA5-8E4B-3439E3A3A811}.Debug|x86.Build.0 = Debug|Win32
		{2F8BF160-704E-4CA5-8E4B-3439E3A3A811}.Release|x64.ActiveCfg = Release|x64
		{2F8BF160-704E-4CA5-8E4B-3439E3A3A811}.Release|x64.Build.0 = Release|x64
		{2F8BF160-704E-4CA5-8E4B-3439E3A3A811}.Release|x86.ActiveCfg = Release|Win32
		{2F8BF160-704E-4CA5-8E4B-3439E3A3A811}.Release|x86.Build.0 = Release|Win32
		{6F2B4977-4768-4433-B1BD-BB2CAE57E768}.Debug|x64.ActiveCfg = Debug|x64
		{6F2B4977-4768-4433-B1BD-BB2CAE57E768}.Debug|x64.Build.0 = Debug|x64
		{6F2B4977-4768-4433-B1BD-BB2CAE57E768}.Debug|x86.ActiveCfg = Debug|Win32
		{6F2B4977-4768-4433-B1BD-BB2CAE57E768}.Debug|x86.Build.0 = Debug|Win32
		{6F2B4977-4768-4433-B1BD-BB2CAE57E768}.Release|x64.ActiveCfg = Release|x64
		{6F2B4977-4768-4433-B1BD-BB2CAE57E768}.Release|x64.Build.0 = Release|x64
		{6F2B4977-4768-4433-B1BD-BB2CAE57E768}.Release|x86.ActiveCfg = Release|Win32
		{6F2B4977-4768-4433-B1BD-BB2CAE57E768}.Release|x86.Build.0 = Release|Win32
		{6698D07E-9CD2-48EC-B88A-A46720AD620B}.Debug|x64.ActiveCfg = Debug|x64
		{6698D07E-9CD2-48EC-B88A-A46720AD620B}.Debug|x64.Build.0 = Debug|x64
		{6698D07E-9CD2-48EC-B88A-A46720AD620B}.Debug|x86.ActiveCfg = Debug|Win32
		{6698D07E-9CD2-48EC-B88A-A46720AD620B}.Debug|x86.Build.0 = Debug|Win32
		{6698D07E-9CD2-48EC-B88A-A46720AD620B}.Release|x64.ActiveCfg = Release|x64
		{6698D07E-9CD2-48EC-B88A-A46720AD620B}.Release|x64.Build.0 = Release|x64
		{6698D07E-9CD2-48EC-B88A-A46720AD620B}.Release|x86.ActiveCfg = Release|Win32
		{6698D07E-9CD2-48EC-B88A-A46720AD620B}.Release|x86.Build.0 = Release|Win32
		{F569E5D9-EC03-4CFD-ABBE-B87D0B092397}.Debug|x64.ActiveCfg = Debug|x64
		{F569E5D9-EC03-4CFD-ABBE-B87D0B092397}.Debug|x64.Build.0 = Debug|x64
		{F569E5D9-EC03-4CFD-ABBE-B87D0B092397}.Debug|x86.ActiveCfg = Debug|Win32
		{F569E5D9-EC03-4CFD-ABBE-B87D0B092397}.Debug|x86.Build.0 = Debug|Win32
		{F569E5D9-EC03-4CFD-ABBE-B87D0B092397}.Release|x64.ActiveCfg = Release|x64
		{F569E5D9-EC03-4CFD-ABBE-B87D0B092397}.Release|x64.Build.0 = Release|x64
		{F569E5D9-EC03-4CFD-ABBE-B87D0B092397}.Release|x86.ActiveCfg = Release|Win32
		{F569E5D9-EC03-4CFD-ABBE-B87D0B092397}.Release|x86.Build.0 = Release|Win32
		{36518670-896B-4766-A82B-13684AA70958}.Debug|x64.ActiveCfg = Debug|x64
		{36518670-896B-4766-A82B-13684AA70958}.Debug|x64.Build.0 = Debug|x64
		{36518670-896B-4766-A82B-13684AA70958}.Debug|x86.ActiveCfg = Debug|Win32
		{36518670-896B-4766-A82B-13684AA70958}.Debug|x86.Build.0 = Debug|Win32
		{36518670-896B-4766-A82B-13684AA70958}.Release|x64.ActiveCfg = Release|x64
		{36518670-896B-4766-A82B-13684AA70958}.Release|x64.Build.0 = Release|x64
		{36518670-896B-4766-A82B-13684AA70958}.Release|x86.ActiveCfg = Release|Win32
		{36518670-896B-4766-A82B-13684AA70958}.Release|x86.Build.0 = Release|Win32
		{6430B6CA-65AD-425A-B07F-5F37422AAC6A}.Debug|x64.ActiveCfg = Debug|x64
		{6430B6CA-65AD-425A-B07F-5F37422AAC6A}.Debug|x64.Build.0 = Debug|x64
		{6430B6CA-65AD-425A-B07F-5F37422AAC6A}.Debug|x86.ActiveCfg = Debug|Win32
		{6430B6CA-65AD-425A-B07F-5F37422AAC6A}.Debug|x86.Build.0 = Debug|Win32
		{6430B6CA-65AD-425A-B07F-5F37422AAC6A}.Release|x64.ActiveCfg = Release|x64
		{6430B6CA-65AD-425A-B07F-5F37422AAC6A}.Release|x64.Build.0 = Release|x64
		{6430B6CA-65AD-425A-B07F-5F37422AAC6A}.Release|x86.ActiveCfg = Release|Win32
		{6430B6CA-65AD-425A-B07F-5F37422AAC6A}.Release|x86.Build.0 = Release|Win32
		{0DBCD36B-C459-4468-882D-BB79F0562747}.Debug|x64.ActiveCfg = Debug|x64
		{0DBCD36B-C459-4468-882D-BB79F0562747}.Debug|x64.Build.0 = Debug|x64
		{0DBCD36B-C459-4468-882D-BB79F0562747}.Debug|x86.ActiveCfg = Debug|Win32
		{0DBCD36B-C459-4468-882D-BB79F0562747}.Debug|x86.Build.0 = Debug|Win32
		{0DBCD36B-C459-4468-882D-BB79F0562747}.Release|x64.ActiveCfg = Release|x64
		{0DBCD36B-C459-4468-882D-BB79F0562747}.Release|x64.Build.0 = Release|x64
		{0DBCD36B-C459-4468-882D-BB79F0562747}.Release|x86.ActiveCfg = Release|Win32
		{0DBCD36B-C459-4468-882D-BB79F0562747}.Release|x86.Build.0 = Release|Win32
		{FD8814B8-61AD-4DFA-94C4-1BD4E0F8E1AE}.Debug|x64.ActiveCfg = Debug|x64
		{FD8814B8-61AD-4DFA-94C4-1BD4E0F8E1AE}.Debug|x64.Build.0 = Debug|x64
		{FD8814B8-61AD-4DFA-94C4-1BD4E0F8E1AE}.Debug|x86.ActiveCfg = Debug|Win32
		{FD8814B8-61AD-4DFA-94C4-1BD4E0F8E1AE}.Debug|x86.Build.0 = Debug|Win32
		{FD8814B8-61AD-4DFA-94C4-1BD4E0F8E1AE}.Release|x64.ActiveCfg = Release|x64
		{FD8814B8-61AD-4DFA-94C4-1BD4E0F8E1AE}.Release|x64.Build.0 = Release|x64
		{FD8814B8-61AD-4DFA-94C4-1BD4E0F8E1AE}.Release|x86.ActiveCfg = Release|Win32
		{FD8814B8-61AD-4DFA-94C4-1BD4E0F8E1AE}.Release|x86.Build.0 = Release|Win32
		{CF0E93F9-EE31-42E6-B8CF-692D56C728B8}.Debug|x64.ActiveCfg = Debug|x64
		{CF0E93F9-EE31-42E6-B8CF-692D56C728B8}.Debug|x64.Build.0 = Debug|x64
		{CF0E93F9-EE31-42E6-B8CF-692D56C728B8}.Debug|x86.ActiveCfg = Debug|Win32
		{CF0E93F9-EE31-42E6-B8CF-692D56C728B8}.Debug|x86.Build.0 = Debug|Win32
		{CF0E93F9-EE31-42E6-B8CF-692D56C728B8}.Release|x64.ActiveCfg = Release|x64
		{CF0E93F9-EE31-42E6-B8CF-692D56C728B8}.Release|x64.Build.0 = Release|x64
		{CF0E93F9-EE31-42E6-B8CF-692D56C728B8}.Release|x86.ActiveCfg = Release|Win32
		{CF0E93F9-EE31-42E6-B8CF-692D56C728B8}.Release|x86.Build.0 = Release|Win32
		{82D5CF8F-0AEE-45FC-936D-F3DE212500A4}.Debug|x64.ActiveCfg = Debug|x64
		{82D5CF8F-0AEE-45FC-936D-F3DE212500A4}.Debug|x64.Build.0 = Debug|x64
		{82D5CF8F-0AEE-45FC-936D-F3DE212500A4}.Debug|x86.ActiveCfg = Debug|Win32
		{82D5CF8F-0AEE-45FC-936D-F3DE212500A4}.Debug|x86.Build.0 = Debug|Win32
		{82D5CF8F-0AEE-45FC-936D-F3DE212500A4}.Release|x64.ActiveCfg = Release|x64
		{82D5CF8F-0AEE-45FC-936D-F3DE212500A4}.Release|x64.Build.0 = Release|x64
		{82D5CF8F-0AEE-45FC-936D-F3DE212500A4}.Release|x86.ActiveCfg = Release|Win32
		{82D5CF8F-0AEE-45FC-936D-F3DE212500A4}.Release|x86.Build.0 = Release|Win32
	EndGlobalSection
	GlobalSection(SolutionProperties) = preSolution
		HideSolutionNode = FALSE
	EndGlobalSection
EndGlobal
